
Microsoft Visual Studio Solution File, Format Version 12.00
# Visual Studio Version 17
VisualStudioVersion = 17.2.32630.192
MinimumVisualStudioVersion = 10.0.40219.1
Project("{FAE04EC0-301F-11D3-BF4B-00C04F79EFBC}") = "ConsoleApp1", "ConsoleApp1\ConsoleApp1.csproj", "{BDC3D2EF-BF38-4B5A-9164-F106163F88FB}"
EndProject
Global
	GlobalSection(SolutionConfigurationPlatforms) = preSolution
		Debug|Any CPU = Debug|Any CPU
		Release|Any CPU = Release|Any CPU
	EndGlobalSection
	GlobalSection(ProjectConfigurationPlatforms) = postSolution
		{BDC3D2EF-BF38-4B5A-9164-F106163F88FB}.Debug|Any CPU.ActiveCfg = Debug|Any CPU
		{BDC3D2EF-BF38-4B5A-9164-F106163F88FB}.Debug|Any CPU.Build.0 = Debug|Any CPU
		{BDC3D2EF-BF38-4B5A-9164-F106163F88FB}.Release|Any CPU.ActiveCfg = Release|Any CPU
		{BDC3D2EF-BF38-4B5A-9164-F106163F88FB}.Release|Any CPU.Build.0 = Release|Any CPU
	EndGlobalSection
	GlobalSection(SolutionProperties) = preSolution
		HideSolutionNode = FALSE
	EndGlobalSection
	GlobalSection(ExtensibilityGlobals) = postSolution
		SolutionGuid = {A2161D25-A010-4DFE-9155-439126412407}
	EndGlobalSection
EndGlobal
